
Microsoft Visual Studio Solution File, Format Version 12.00
# Visual Studio 15
VisualStudioVersion = 15.0.27428.2027
MinimumVisualStudioVersion = 10.0.40219.1
Project("{9A19103F-16F7-4668-BE54-9A1E7A4F7556}") = "SolutionREST", "SolutionREST\SolutionREST.csproj", "{930BBC9C-32DD-41A5-8508-59A23842DBEB}"
EndProject
Project("{FAE04EC0-301F-11D3-BF4B-00C04F79EFBC}") = "MicroServiceNet", "MicroServiceNet\MicroServiceNet.csproj", "{C43AE0F9-2543-47AE-9E52-873406181D99}"
EndProject
Project("{9A19103F-16F7-4668-BE54-9A1E7A4F7556}") = "SolutionBEST", "SolutionBEST\SolutionBEST.csproj", "{3E3B40AB-3260-4A05-8786-6DD7FE9FD9F4}"
EndProject
Global
	GlobalSection(SolutionConfigurationPlatforms) = preSolution
		Debug|Any CPU = Debug|Any CPU
		Release|Any CPU = Release|Any CPU
	EndGlobalSection
	GlobalSection(ProjectConfigurationPlatforms) = postSolution
		{930BBC9C-32DD-41A5-8508-59A23842DBEB}.Debug|Any CPU.ActiveCfg = Debug|Any CPU
		{930BBC9C-32DD-41A5-8508-59A23842DBEB}.Debug|Any CPU.Build.0 = Debug|Any CPU
		{930BBC9C-32DD-41A5-8508-59A23842DBEB}.Release|Any CPU.ActiveCfg = Release|Any CPU
		{930BBC9C-32DD-41A5-8508-59A23842DBEB}.Release|Any CPU.Build.0 = Release|Any CPU
		{C43AE0F9-2543-47AE-9E52-873406181D99}.Debug|Any CPU.ActiveCfg = Debug|Any CPU
		{C43AE0F9-2543-47AE-9E52-873406181D99}.Debug|Any CPU.Build.0 = Debug|Any CPU
		{C43AE0F9-2543-47AE-9E52-873406181D99}.Release|Any CPU.ActiveCfg = Release|Any CPU
		{C43AE0F9-2543-47AE-9E52-873406181D99}.Release|Any CPU.Build.0 = Release|Any CPU
		{3E3B40AB-3260-4A05-8786-6DD7FE9FD9F4}.Debug|Any CPU.ActiveCfg = Debug|Any CPU
		{3E3B40AB-3260-4A05-8786-6DD7FE9FD9F4}.Debug|Any CPU.Build.0 = Debug|Any CPU
		{3E3B40AB-3260-4A05-8786-6DD7FE9FD9F4}.Release|Any CPU.ActiveCfg = Release|Any CPU
		{3E3B40AB-3260-4A05-8786-6DD7FE9FD9F4}.Release|Any CPU.Build.0 = Release|Any CPU
	EndGlobalSection
	GlobalSection(SolutionProperties) = preSolution
		HideSolutionNode = FALSE
	EndGlobalSection
	GlobalSection(ExtensibilityGlobals) = postSolution
		SolutionGuid = {1C871AD3-D1D7-4C36-A50E-A70A88554F5A}
	EndGlobalSection
EndGlobal
